
Microsoft Visual Studio Solution File, Format Version 11.00
# Visual Studio 2010
Project("{FAE04EC0-301F-11D3-BF4B-00C04F79EFBC}") = "CTFUnityNetwork-Jeff", "Assembly-CSharp.csproj", "{07124EAB-5F4B-6563-9748-0A1814E3462E}"
EndProject
Global
	GlobalSection(SolutionConfigurationPlatforms) = preSolution
		Debug|Any CPU = Debug|Any CPU
		Release|Any CPU = Release|Any CPU
	EndGlobalSection
	GlobalSection(ProjectConfigurationPlatforms) = postSolution
		{07124EAB-5F4B-6563-9748-0A1814E3462E}.Debug|Any CPU.ActiveCfg = Debug|Any CPU
		{07124EAB-5F4B-6563-9748-0A1814E3462E}.Debug|Any CPU.Build.0 = Debug|Any CPU
		{07124EAB-5F4B-6563-9748-0A1814E3462E}.Release|Any CPU.ActiveCfg = Release|Any CPU
		{07124EAB-5F4B-6563-9748-0A1814E3462E}.Release|Any CPU.Build.0 = Release|Any CPU
	EndGlobalSection
	GlobalSection(SolutionProperties) = preSolution
		HideSolutionNode = FALSE
	EndGlobalSection
	GlobalSection(MonoDevelopProperties) = preSolution
		StartupItem = Assembly-CSharp.csproj
	EndGlobalSection
EndGlobal
